
Microsoft Visual Studio Solution File, Format Version 11.00
# Visual Studio 2010
Project("{FAE04EC0-301F-11D3-BF4B-00C04F79EFBC}") = "evoterProject", "evoterProject.csproj", "{026FC7B8-A299-47FC-974F-141C8DF69F95}"
EndProject
Project("{54435603-DBB4-11D2-8724-00A0C9A8B90C}") = "Bio_Device", "..\Bio_Device\Bio_Device.vdproj", "{13AF6845-483D-4860-B29C-54A0678E425A}"
EndProject
Global
	GlobalSection(SolutionConfigurationPlatforms) = preSolution
		Debug|Any CPU = Debug|Any CPU
		Debug|x86 = Debug|x86
		Release|Any CPU = Release|Any CPU
		Release|x86 = Release|x86
	EndGlobalSection
	GlobalSection(ProjectConfigurationPlatforms) = postSolution
		{026FC7B8-A299-47FC-974F-141C8DF69F95}.Debug|Any CPU.ActiveCfg = Debug|x86
		{026FC7B8-A299-47FC-974F-141C8DF69F95}.Debug|Any CPU.Build.0 = Debug|x86
		{026FC7B8-A299-47FC-974F-141C8DF69F95}.Debug|x86.ActiveCfg = Debug|x86
		{026FC7B8-A299-47FC-974F-141C8DF69F95}.Debug|x86.Build.0 = Debug|x86
		{026FC7B8-A299-47FC-974F-141C8DF69F95}.Release|Any CPU.ActiveCfg = Release|Any CPU
		{026FC7B8-A299-47FC-974F-141C8DF69F95}.Release|Any CPU.Build.0 = Release|Any CPU
		{026FC7B8-A299-47FC-974F-141C8DF69F95}.Release|x86.ActiveCfg = Release|x86
		{026FC7B8-A299-47FC-974F-141C8DF69F95}.Release|x86.Build.0 = Release|x86
		{13AF6845-483D-4860-B29C-54A0678E425A}.Debug|Any CPU.ActiveCfg = Debug
		{13AF6845-483D-4860-B29C-54A0678E425A}.Debug|x86.ActiveCfg = Debug
		{13AF6845-483D-4860-B29C-54A0678E425A}.Release|Any CPU.ActiveCfg = Release
		{13AF6845-483D-4860-B29C-54A0678E425A}.Release|x86.ActiveCfg = Release
	EndGlobalSection
	GlobalSection(SolutionProperties) = preSolution
		HideSolutionNode = FALSE
	EndGlobalSection
EndGlobal
